
Microsoft Visual Studio Solution File, Format Version 12.00
# Visual Studio Version 17
VisualStudioVersion = 17.2.32505.173
MinimumVisualStudioVersion = 10.0.40219.1
Project("{FAE04EC0-301F-11D3-BF4B-00C04F79EFBC}") = "PublicAPI.MBA.Test.Infraestrutura", "PublicAPI.MBA.Test\PublicAPI.MBA.Test.Infraestrutura.csproj", "{F126C888-6A54-4344-B06B-E653198976BB}"
EndProject
Project("{FAE04EC0-301F-11D3-BF4B-00C04F79EFBC}") = "PublicAPI.MBA.Test.Run", "PublicAPI.MBA.Test.Run\PublicAPI.MBA.Test.Run.csproj", "{1AD714B6-E920-4388-B30D-D2A07FC39B7C}"
EndProject
Global
	GlobalSection(SolutionConfigurationPlatforms) = preSolution
		Debug|Any CPU = Debug|Any CPU
		Release|Any CPU = Release|Any CPU
	EndGlobalSection
	GlobalSection(ProjectConfigurationPlatforms) = postSolution
		{F126C888-6A54-4344-B06B-E653198976BB}.Debug|Any CPU.ActiveCfg = Debug|Any CPU
		{F126C888-6A54-4344-B06B-E653198976BB}.Debug|Any CPU.Build.0 = Debug|Any CPU
		{F126C888-6A54-4344-B06B-E653198976BB}.Release|Any CPU.ActiveCfg = Release|Any CPU
		{F126C888-6A54-4344-B06B-E653198976BB}.Release|Any CPU.Build.0 = Release|Any CPU
		{1AD714B6-E920-4388-B30D-D2A07FC39B7C}.Debug|Any CPU.ActiveCfg = Debug|Any CPU
		{1AD714B6-E920-4388-B30D-D2A07FC39B7C}.Debug|Any CPU.Build.0 = Debug|Any CPU
		{1AD714B6-E920-4388-B30D-D2A07FC39B7C}.Release|Any CPU.ActiveCfg = Release|Any CPU
		{1AD714B6-E920-4388-B30D-D2A07FC39B7C}.Release|Any CPU.Build.0 = Release|Any CPU
	EndGlobalSection
	GlobalSection(SolutionProperties) = preSolution
		HideSolutionNode = FALSE
	EndGlobalSection
	GlobalSection(ExtensibilityGlobals) = postSolution
		SolutionGuid = {726133D9-9FE9-45A7-A8E2-E957C67EE10C}
	EndGlobalSection
EndGlobal
